
Microsoft Visual Studio Solution File, Format Version 12.00
# Visual Studio Version 17
VisualStudioVersion = 17.4.33213.308
MinimumVisualStudioVersion = 10.0.40219.1
Project("{FAE04EC0-301F-11D3-BF4B-00C04F79EFBC}") = "CourseManagement", "CourseManagement\CourseManagement.csproj", "{EF10E66A-ED1B-41F6-92C2-B8711A072EC0}"
EndProject
Project("{FAE04EC0-301F-11D3-BF4B-00C04F79EFBC}") = "Repository", "Repository\Repository.csproj", "{C2A26A0F-A9D8-4796-905A-420FFEA48ADC}"
EndProject
Project("{FAE04EC0-301F-11D3-BF4B-00C04F79EFBC}") = "Services", "Services\Services.csproj", "{202D419F-26DF-4DF8-82EC-4CAF86E4E48C}"
EndProject
Global
	GlobalSection(SolutionConfigurationPlatforms) = preSolution
		Debug|Any CPU = Debug|Any CPU
		Release|Any CPU = Release|Any CPU
	EndGlobalSection
	GlobalSection(ProjectConfigurationPlatforms) = postSolution
		{EF10E66A-ED1B-41F6-92C2-B8711A072EC0}.Debug|Any CPU.ActiveCfg = Debug|Any CPU
		{EF10E66A-ED1B-41F6-92C2-B8711A072EC0}.Debug|Any CPU.Build.0 = Debug|Any CPU
		{EF10E66A-ED1B-41F6-92C2-B8711A072EC0}.Release|Any CPU.ActiveCfg = Release|Any CPU
		{EF10E66A-ED1B-41F6-92C2-B8711A072EC0}.Release|Any CPU.Build.0 = Release|Any CPU
		{C2A26A0F-A9D8-4796-905A-420FFEA48ADC}.Debug|Any CPU.ActiveCfg = Debug|Any CPU
		{C2A26A0F-A9D8-4796-905A-420FFEA48ADC}.Debug|Any CPU.Build.0 = Debug|Any CPU
		{C2A26A0F-A9D8-4796-905A-420FFEA48ADC}.Release|Any CPU.ActiveCfg = Release|Any CPU
		{C2A26A0F-A9D8-4796-905A-420FFEA48ADC}.Release|Any CPU.Build.0 = Release|Any CPU
		{202D419F-26DF-4DF8-82EC-4CAF86E4E48C}.Debug|Any CPU.ActiveCfg = Debug|Any CPU
		{202D419F-26DF-4DF8-82EC-4CAF86E4E48C}.Debug|Any CPU.Build.0 = Debug|Any CPU
		{202D419F-26DF-4DF8-82EC-4CAF86E4E48C}.Release|Any CPU.ActiveCfg = Release|Any CPU
		{202D419F-26DF-4DF8-82EC-4CAF86E4E48C}.Release|Any CPU.Build.0 = Release|Any CPU
	EndGlobalSection
	GlobalSection(SolutionProperties) = preSolution
		HideSolutionNode = FALSE
	EndGlobalSection
	GlobalSection(ExtensibilityGlobals) = postSolution
		SolutionGuid = {C108A3EA-75C3-412C-8AF3-54C1DF7793F2}
	EndGlobalSection
EndGlobal
